// !$*UTF8*$!
{
	archiveVersion = 1;
	classes = {
	};
	objectVersion = 46;
	objects = {

/* Begin PBXBuildFile section */
		BF99606C1CC5623300E6D891 /* AppDelegate.swift in Sources */ = {isa = PBXBuildFile; fileRef = BF99606B1CC5623300E6D891 /* AppDelegate.swift */; };
		BF99606F1CC5623300E6D891 /* buscadorLibrosTablas.xcdatamodeld in Sources */ = {isa = PBXBuildFile; fileRef = BF99606D1CC5623300E6D891 /* buscadorLibrosTablas.xcdatamodeld */; };
		BF9960711CC5623300E6D891 /* MasterViewController.swift in Sources */ = {isa = PBXBuildFile; fileRef = BF9960701CC5623300E6D891 /* MasterViewController.swift */; };
		BF9960731CC5623300E6D891 /* DetailViewController.swift in Sources */ = {isa = PBXBuildFile; fileRef = BF9960721CC5623300E6D891 /* DetailViewController.swift */; };
		BF9960761CC5623300E6D891 /* Main.storyboard in Resources */ = {isa = PBXBuildFile; fileRef = BF9960741CC5623300E6D891 /* Main.storyboard */; };
		BF9960781CC5623300E6D891 /* Assets.xcassets in Resources */ = {isa = PBXBuildFile; fileRef = BF9960771CC5623300E6D891 /* Assets.xcassets */; };
		BF99607B1CC5623300E6D891 /* LaunchScreen.storyboard in Resources */ = {isa = PBXBuildFile; fileRef = BF9960791CC5623300E6D891 /* LaunchScreen.storyboard */; };
/* End PBXBuildFile section */

/* Begin PBXFileReference section */
		BF9960681CC5623300E6D891 /* buscadorLibrosTablas.app */ = {isa = PBXFileReference; explicitFileType = wrapper.application; includeInIndex = 0; path = buscadorLibrosTablas.app; sourceTree = BUILT_PRODUCTS_DIR; };
		BF99606B1CC5623300E6D891 /* AppDelegate.swift */ = {isa = PBXFileReference; lastKnownFileType = sourcecode.swift; path = AppDelegate.swift; sourceTree = "<group>"; };
		BF99606E1CC5623300E6D891 /* buscadorLibrosTablas.xcdatamodel */ = {isa = PBXFileReference; lastKnownFileType = wrapper.xcdatamodel; path = buscadorLibrosTablas.xcdatamodel; sourceTree = "<group>"; };
		BF9960701CC5623300E6D891 /* MasterViewController.swift */ = {isa = PBXFileReference; lastKnownFileType = sourcecode.swift; path = MasterViewController.swift; sourceTree = "<group>"; };
		BF9960721CC5623300E6D891 /* DetailViewController.swift */ = {isa = PBXFileReference; lastKnownFileType = sourcecode.swift; path = DetailViewController.swift; sourceTree = "<group>"; };
		BF9960751CC5623300E6D891 /* Base */ = {isa = PBXFileReference; lastKnownFileType = file.storyboard; name = Base; path = Base.lproj/Main.storyboard; sourceTree = "<group>"; };
		BF9960771CC5623300E6D891 /* Assets.xcassets */ = {isa = PBXFileReference; lastKnownFileType = folder.assetcatalog; path = Assets.xcassets; sourceTree = "<group>"; };
		BF99607A1CC5623300E6D891 /* Base */ = {isa = PBXFileReference; lastKnownFileType = file.storyboard; name = Base; path = Base.lproj/LaunchScreen.storyboard; sourceTree = "<group>"; };
		BF99607C1CC5623300E6D891 /* Info.plist */ = {isa = PBXFileReference; lastKnownFileType = text.plist.xml; path = Info.plist; sourceTree = "<group>"; };
/* End PBXFileReference section */

/* Begin PBXFrameworksBuildPhase section */
		BF9960651CC5623300E6D891 /* Frameworks */ = {
			isa = PBXFrameworksBuildPhase;
			buildActionMask = 2147483647;
			files = (
			);
			runOnlyForDeploymentPostprocessing = 0;
		};
/* End PBXFrameworksBuildPhase section */

/* Begin PBXGroup section */
		BF99605F1CC5623300E6D891 = {
			isa = PBXGroup;
			children = (
				BF99606A1CC5623300E6D891 /* buscadorLibrosTablas */,
				BF9960691CC5623300E6D891 /* Products */,
			);
			sourceTree = "<group>";
		};
		BF9960691CC5623300E6D891 /* Products */ = {
			isa = PBXGroup;
			children = (
				BF9960681CC5623300E6D891 /* buscadorLibrosTablas.app */,
			);
			name = Products;
			sourceTree = "<group>";
		};
		BF99606A1CC5623300E6D891 /* buscadorLibrosTablas */ = {
			isa = PBXGroup;
			children = (
				BF99606B1CC5623300E6D891 /* AppDelegate.swift */,
				BF9960701CC5623300E6D891 /* MasterViewController.swift */,
				BF9960721CC5623300E6D891 /* DetailViewController.swift */,
				BF9960741CC5623300E6D891 /* Main.storyboard */,
				BF9960771CC5623300E6D891 /* Assets.xcassets */,
				BF9960791CC5623300E6D891 /* LaunchScreen.storyboard */,
				BF99607C1CC5623300E6D891 /* Info.plist */,
				BF99606D1CC5623300E6D891 /* buscadorLibrosTablas.xcdatamodeld */,
			);
			path = buscadorLibrosTablas;
			sourceTree = "<group>";
		};
/* End PBXGroup section */

/* Begin PBXNativeTarget section */
		BF9960671CC5623300E6D891 /* buscadorLibrosTablas */ = {
			isa = PBXNativeTarget;
			buildConfigurationList = BF99607F1CC5623300E6D891 /* Build configuration list for PBXNativeTarget "buscadorLibrosTablas" */;
			buildPhases = (
				BF9960641CC5623300E6D891 /* Sources */,
				BF9960651CC5623300E6D891 /* Frameworks */,
				BF9960661CC5623300E6D891 /* Resources */,
			);
			buildRules = (
			);
			dependencies = (
			);
			name = buscadorLibrosTablas;
			productName = buscadorLibrosTablas;
			productReference = BF9960681CC5623300E6D891 /* buscadorLibrosTablas.app */;
			productType = "com.apple.product-type.application";
		};
/* End PBXNativeTarget section */

/* Begin PBXProject section */
		BF9960601CC5623300E6D891 /* Project object */ = {
			isa = PBXProject;
			attributes = {
				LastSwiftUpdateCheck = 0730;
				LastUpgradeCheck = 0730;
				ORGANIZATIONNAME = "Nahim Jesus Hidalgo Sabido";
				TargetAttributes = {
					BF9960671CC5623300E6D891 = {
						CreatedOnToolsVersion = 7.3;
					};
				};
			};
			buildConfigurationList = BF9960631CC5623300E6D891 /* Build configuration list for PBXProject "buscadorLibrosTablas" */;
			compatibilityVersion = "Xcode 3.2";
			developmentRegion = English;
			hasScannedForEncodings = 0;
			knownRegions = (
				en,
				Base,
			);
			mainGroup = BF99605F1CC5623300E6D891;
			productRefGroup = BF9960691CC5623300E6D891 /* Products */;
			projectDirPath = "";
			projectRoot = "";
			targets = (
				BF9960671CC5623300E6D891 /* buscadorLibrosTablas */,
			);
		};
/* End PBXProject section */

/* Begin PBXResourcesBuildPhase section */
		BF9960661CC5623300E6D891 /* Resources */ = {
			isa = PBXResourcesBuildPhase;
			buildActionMask = 2147483647;
			files = (
				BF99607B1CC5623300E6D891 /* LaunchScreen.storyboard in Resources */,
				BF9960781CC5623300E6D891 /* Assets.xcassets in Resources */,
				BF9960761CC5623300E6D891 /* Main.storyboard in Resources */,
			);
			runOnlyForDeploymentPostprocessing = 0;
		};
/* End PBXResourcesBuildPhase section */

/* Begin PBXSourcesBuildPhase section */
		BF9960641CC5623300E6D891 /* Sources */ = {
			isa = PBXSourcesBuildPhase;
			buildActionMask = 2147483647;
			files = (
				BF99606F1CC5623300E6D891 /* buscadorLibrosTablas.xcdatamodeld in Sources */,
				BF99606C1CC5623300E6D891 /* AppDelegate.swift in Sources */,
				BF9960711CC5623300E6D891 /* MasterViewController.swift in Sources */,
				BF9960731CC5623300E6D891 /* DetailViewController.swift in Sources */,
			);
			runOnlyForDeploymentPostprocessing = 0;
		};
/* End PBXSourcesBuildPhase section */

/* Begin PBXVariantGroup section */
		BF9960741CC5623300E6D891 /* Main.storyboard */ = {
			isa = PBXVariantGroup;
			children = (
				BF9960751CC5623300E6D891 /* Base */,
			);
			name = Main.storyboard;
			sourceTree = "<group>";
		};
		BF9960791CC5623300E6D891 /* LaunchScreen.storyboard */ = {
			isa = PBXVariantGroup;
			children = (
				BF99607A1CC5623300E6D891 /* Base */,
			);
			name = LaunchScreen.storyboard;
			sourceTree = "<group>";
		};
/* End PBXVariantGroup section */

/* Begin XCBuildConfiguration section */
		BF99607D1CC5623300E6D891 /* Debug */ = {
			isa = XCBuildConfiguration;
			buildSettings = {
				ALWAYS_SEARCH_USER_PATHS = NO;
				CLANG_ANALYZER_NONNULL = YES;
				CLANG_CXX_LANGUAGE_STANDARD = "gnu++0x";
				CLANG_CXX_LIBRARY = "libc++";
				CLANG_ENABLE_MODULES = YES;
				CLANG_ENABLE_OBJC_ARC = YES;
				CLANG_WARN_BOOL_CONVERSION = YES;
				CLANG_WARN_CONSTANT_CONVERSION = YES;
				CLANG_WARN_DIRECT_OBJC_ISA_USAGE = YES_ERROR;
				CLANG_WARN_EMPTY_BODY = YES;
				CLANG_WARN_ENUM_CONVERSION = YES;
				CLANG_WARN_INT_CONVERSION = YES;
				CLANG_WARN_OBJC_ROOT_CLASS = YES_ERROR;
				CLANG_WARN_UNREACHABLE_CODE = YES;
				CLANG_WARN__DUPLICATE_METHOD_MATCH = YES;
				"CODE_SIGN_IDENTITY[sdk=iphoneos*]" = "iPhone Developer";
				COPY_PHASE_STRIP = NO;
				DEBUG_INFORMATION_FORMAT = dwarf;
				ENABLE_STRICT_OBJC_MSGSEND = YES;
				ENABLE_TESTABILITY = YES;
				GCC_C_LANGUAGE_STANDARD = gnu99;
				GCC_DYNAMIC_NO_PIC = NO;
				GCC_NO_COMMON_BLOCKS = YES;
				GCC_OPTIMIZATION_LEVEL = 0;
				GCC_PREPROCESSOR_DEFINITIONS = (
					"DEBUG=1",
					"$(inherited)",
				);
				GCC_WARN_64_TO_32_BIT_CONVERSION = YES;
				GCC_WARN_ABOUT_RETURN_TYPE = YES_ERROR;
				GCC_WARN_UNDECLARED_SELECTOR = YES;
				GCC_WARN_UNINITIALIZED_AUTOS = YES_AGGRESSIVE;
				GCC_WARN_UNUSED_FUNCTION = YES;
				GCC_WARN_UNUSED_VARIABLE = YES;
				IPHONEOS_DEPLOYMENT_TARGET = 9.3;
				MTL_ENABLE_DEBUG_INFO = YES;
				ONLY_ACTIVE_ARCH = YES;
				SDKROOT = iphoneos;
				SWIFT_OPTIMIZATION_LEVEL = "-Onone";
				TARGETED_DEVICE_FAMILY = "1,2";
			};
			name = Debug;
		};
		BF99607E1CC5623300E6D891 /* Release */ = {
			isa = XCBuildConfiguration;
			buildSettings = {
				ALWAYS_SEARCH_USER_PATHS = NO;
				CLANG_ANALYZER_NONNULL = YES;
				CLANG_CXX_LANGUAGE_STANDARD = "gnu++0x";
				CLANG_CXX_LIBRARY = "libc++";
				CLANG_ENABLE_MODULES = YES;
				CLANG_ENABLE_OBJC_ARC = YES;
				CLANG_WARN_BOOL_CONVERSION = YES;
				CLANG_WARN_CONSTANT_CONVERSION = YES;
				CLANG_WARN_DIRECT_OBJC_ISA_USAGE = YES_ERROR;
				CLANG_WARN_EMPTY_BODY = YES;
				CLANG_WARN_ENUM_CONVERSION = YES;
				CLANG_WARN_INT_CONVERSION = YES;
				CLANG_WARN_OBJC_ROOT_CLASS = YES_ERROR;
				CLANG_WARN_UNREACHABLE_CODE = YES;
				CLANG_WARN__DUPLICATE_METHOD_MATCH = YES;
				"CODE_SIGN_IDENTITY[sdk=iphoneos*]" = "iPhone Developer";
				COPY_PHASE_STRIP = NO;
				DEBUG_INFORMATION_FORMAT = "dwarf-with-dsym";
				ENABLE_NS_ASSERTIONS = NO;
				ENABLE_STRICT_OBJC_MSGSEND = YES;
				GCC_C_LANGUAGE_STANDARD = gnu99;
				GCC_NO_COMMON_BLOCKS = YES;
				GCC_WARN_64_TO_32_BIT_CONVERSION = YES;
				GCC_WARN_ABOUT_RETURN_TYPE = YES_ERROR;
				GCC_WARN_UNDECLARED_SELECTOR = YES;
				GCC_WARN_UNINITIALIZED_AUTOS = YES_AGGRESSIVE;
				GCC_WARN_UNUSED_FUNCTION = YES;
				GCC_WARN_UNUSED_VARIABLE = YES;
				IPHONEOS_DEPLOYMENT_TARGET = 9.3;
				MTL_ENABLE_DEBUG_INFO = NO;
				SDKROOT = iphoneos;
				TARGETED_DEVICE_FAMILY = "1,2";
				VALIDATE_PRODUCT = YES;
			};
			name = Release;
		};
		BF9960801CC5623300E6D891 /* Debug */ = {
			isa = XCBuildConfiguration;
			buildSettings = {
				ASSETCATALOG_COMPILER_APPICON_NAME = AppIcon;
				INFOPLIST_FILE = buscadorLibrosTablas/Info.plist;
				LD_RUNPATH_SEARCH_PATHS = "$(inherited) @executable_path/Frameworks";
				PRODUCT_BUNDLE_IDENTIFIER = com.nahim.buscadorLibrosTablas;
				PRODUCT_NAME = "$(TARGET_NAME)";
			};
			name = Debug;
		};
		BF9960811CC5623300E6D891 /* Release */ = {
			isa = XCBuildConfiguration;
			buildSettings = {
				ASSETCATALOG_COMPILER_APPICON_NAME = AppIcon;
				INFOPLIST_FILE = buscadorLibrosTablas/Info.plist;
				LD_RUNPATH_SEARCH_PATHS = "$(inherited) @executable_path/Frameworks";
				PRODUCT_BUNDLE_IDENTIFIER = com.nahim.buscadorLibrosTablas;
				PRODUCT_NAME = "$(TARGET_NAME)";
			};
			name = Release;
		};
/* End XCBuildConfiguration section */

/* Begin XCConfigurationList section */
		BF9960631CC5623300E6D891 /* Build configuration list for PBXProject "buscadorLibrosTablas" */ = {
			isa = XCConfigurationList;
			buildConfigurations = (
				BF99607D1CC5623300E6D891 /* Debug */,
				BF99607E1CC5623300E6D891 /* Release */,
			);
			defaultConfigurationIsVisible = 0;
			defaultConfigurationName = Release;
		};
		BF99607F1CC5623300E6D891 /* Build configuration list for PBXNativeTarget "buscadorLibrosTablas" */ = {
			isa = XCConfigurationList;
			buildConfigurations = (
				BF9960801CC5623300E6D891 /* Debug */,
				BF9960811CC5623300E6D891 /* Release */,
			);
			defaultConfigurationIsVisible = 0;
		};
/* End XCConfigurationList section */

/* Begin XCVersionGroup section */
		BF99606D1CC5623300E6D891 /* buscadorLibrosTablas.xcdatamodeld */ = {
			isa = XCVersionGroup;
			children = (
				BF99606E1CC5623300E6D891 /* buscadorLibrosTablas.xcdatamodel */,
			);
			currentVersion = BF99606E1CC5623300E6D891 /* buscadorLibrosTablas.xcdatamodel */;
			path = buscadorLibrosTablas.xcdatamodeld;
			sourceTree = "<group>";
			versionGroupType = wrapper.xcdatamodel;
		};
/* End XCVersionGroup section */
	};
	rootObject = BF9960601CC5623300E6D891 /* Project object */;
}
